
Microsoft Visual Studio Solution File, Format Version 12.00
# Visual Studio Version 17
VisualStudioVersion = 17.6.33801.468
MinimumVisualStudioVersion = 10.0.40219.1
Project("{FAE04EC0-301F-11D3-BF4B-00C04F79EFBC}") = "AudioShare", "AudioShare.csproj", "{B937BDEB-0AB2-4582-9A9C-10C3F23796B8}"
EndProject
Global
	GlobalSection(SolutionConfigurationPlatforms) = preSolution
		Debug|Any CPU = Debug|Any CPU
		Release|Any CPU = Release|Any CPU
	EndGlobalSection
	GlobalSection(ProjectConfigurationPlatforms) = postSolution
		{B937BDEB-0AB2-4582-9A9C-10C3F23796B8}.Debug|Any CPU.ActiveCfg = Debug|Any CPU
		{B937BDEB-0AB2-4582-9A9C-10C3F23796B8}.Debug|Any CPU.Build.0 = Debug|Any CPU
		{B937BDEB-0AB2-4582-9A9C-10C3F23796B8}.Release|Any CPU.ActiveCfg = Release|Any CPU
		{B937BDEB-0AB2-4582-9A9C-10C3F23796B8}.Release|Any CPU.Build.0 = Release|Any CPU
	EndGlobalSection
	GlobalSection(SolutionProperties) = preSolution
		HideSolutionNode = FALSE
	EndGlobalSection
	GlobalSection(ExtensibilityGlobals) = postSolution
		SolutionGuid = {FBE96EC2-4AE9-47CE-B0AF-0EC6E09CC8FD}
	EndGlobalSection
EndGlobal
